
Microsoft Visual Studio Solution File, Format Version 12.00
# Visual Studio Version 17
VisualStudioVersion = 17.12.35707.178
MinimumVisualStudioVersion = 10.0.40219.1
Project("{2150E333-8FDC-42A3-9474-1A3956D46DE8}") = "src", "src", "{02EA681E-C7D8-13C7-8484-4AC65E1B71E8}"
EndProject
Project("{FAE04EC0-301F-11D3-BF4B-00C04F79EFBC}") = "Component.Serialization", "src\Component.Serialization\Component.Serialization.csproj", "{00702214-EF8D-B991-8633-B260E92CB1F0}"
EndProject
Global
	GlobalSection(SolutionConfigurationPlatforms) = preSolution
		Debug|Any CPU = Debug|Any CPU
		Release|Any CPU = Release|Any CPU
	EndGlobalSection
	GlobalSection(ProjectConfigurationPlatforms) = postSolution
		{00702214-EF8D-B991-8633-B260E92CB1F0}.Debug|Any CPU.ActiveCfg = Debug|Any CPU
		{00702214-EF8D-B991-8633-B260E92CB1F0}.Debug|Any CPU.Build.0 = Debug|Any CPU
		{00702214-EF8D-B991-8633-B260E92CB1F0}.Release|Any CPU.ActiveCfg = Release|Any CPU
		{00702214-EF8D-B991-8633-B260E92CB1F0}.Release|Any CPU.Build.0 = Release|Any CPU
	EndGlobalSection
	GlobalSection(SolutionProperties) = preSolution
		HideSolutionNode = FALSE
	EndGlobalSection
	GlobalSection(NestedProjects) = preSolution
		{00702214-EF8D-B991-8633-B260E92CB1F0} = {02EA681E-C7D8-13C7-8484-4AC65E1B71E8}
	EndGlobalSection
	GlobalSection(ExtensibilityGlobals) = postSolution
		SolutionGuid = {6A8C99C5-10BA-4295-85AB-CB2CFD8B346B}
	EndGlobalSection
EndGlobal
